// !$*UTF8*$!
{
	archiveVersion = 1;
	classes = {
	};
	objectVersion = 46;
	objects = {

/* Begin PBXBuildFile section */
		970FF044194B987700DA441F /* NACLKey.m in Sources */ = {isa = PBXBuildFile; fileRef = 970FF043194B987700DA441F /* NACLKey.m */; };
		970FF048194B9F9C00DA441F /* NACLAsymmetricPublicKey.m in Sources */ = {isa = PBXBuildFile; fileRef = 970FF047194B9F9C00DA441F /* NACLAsymmetricPublicKey.m */; };
		970FF04B194BA00700DA441F /* NACLAsymmetricPrivateKey.m in Sources */ = {isa = PBXBuildFile; fileRef = 970FF04A194BA00700DA441F /* NACLAsymmetricPrivateKey.m */; };
		970FF051194BB14B00DA441F /* NACLSigningPublicKey.m in Sources */ = {isa = PBXBuildFile; fileRef = 970FF050194BB14B00DA441F /* NACLSigningPublicKey.m */; };
		970FF054194BB15C00DA441F /* NACLSigningPrivateKey.m in Sources */ = {isa = PBXBuildFile; fileRef = 970FF053194BB15C00DA441F /* NACLSigningPrivateKey.m */; };
		970FF058194BFD5200DA441F /* libsodium.a in Frameworks */ = {isa = PBXBuildFile; fileRef = 970FF057194BFD5200DA441F /* libsodium.a */; };
		970FF059194BFFB000DA441F /* NACLAsymmetricPrivateKey.h in CopyFiles */ = {isa = PBXBuildFile; fileRef = 970FF049194BA00700DA441F /* NACLAsymmetricPrivateKey.h */; };
		970FF05A194BFFB000DA441F /* NACLAsymmetricPublicKey.h in CopyFiles */ = {isa = PBXBuildFile; fileRef = 970FF046194B9F9C00DA441F /* NACLAsymmetricPublicKey.h */; };
		970FF05B194BFFB000DA441F /* NACLAsymmetricKeyPair.h in CopyFiles */ = {isa = PBXBuildFile; fileRef = 9759C702194AAD600047F5B0 /* NACLAsymmetricKeyPair.h */; };
		970FF05C194BFFB000DA441F /* NACLSymmetricPrivateKey.h in CopyFiles */ = {isa = PBXBuildFile; fileRef = 9723BD88194A1D8200CD021F /* NACLSymmetricPrivateKey.h */; };
		970FF05D194BFFB000DA441F /* NACLSigningKeyPair.h in CopyFiles */ = {isa = PBXBuildFile; fileRef = 9759C6FD194A726A0047F5B0 /* NACLSigningKeyPair.h */; };
		970FF05E194BFFB000DA441F /* NACLSigningPublicKey.h in CopyFiles */ = {isa = PBXBuildFile; fileRef = 970FF04F194BB14B00DA441F /* NACLSigningPublicKey.h */; };
		970FF05F194BFFB000DA441F /* NACLSigningPrivateKey.h in CopyFiles */ = {isa = PBXBuildFile; fileRef = 970FF052194BB15C00DA441F /* NACLSigningPrivateKey.h */; };
		970FF060194BFFB000DA441F /* NACL.h in CopyFiles */ = {isa = PBXBuildFile; fileRef = A7BF2A05194770E300BB35C5 /* NACL.h */; };
		970FF061194BFFB000DA441F /* NACLNonce.h in CopyFiles */ = {isa = PBXBuildFile; fileRef = 9743AA921949142700404D80 /* NACLNonce.h */; };
		970FF062194BFFB000DA441F /* NSData+NACL.h in CopyFiles */ = {isa = PBXBuildFile; fileRef = 97601045194A3E8100363BCC /* NSData+NACL.h */; };
		970FF063194BFFB000DA441F /* NSString+NACL.h in CopyFiles */ = {isa = PBXBuildFile; fileRef = 9760104A194A4AEC00363BCC /* NSString+NACL.h */; };
		970FF065194C002100DA441F /* NACLAsymmetricPrivateKeyTests.m in Sources */ = {isa = PBXBuildFile; fileRef = 970FF064194C002100DA441F /* NACLAsymmetricPrivateKeyTests.m */; };
		970FF067194C046300DA441F /* NACLAsymmetricPublicKeyTests.m in Sources */ = {isa = PBXBuildFile; fileRef = 970FF066194C046300DA441F /* NACLAsymmetricPublicKeyTests.m */; };
		970FF06A194F990300DA441F /* NACLKeyPair.h in CopyFiles */ = {isa = PBXBuildFile; fileRef = 970FF068194F990300DA441F /* NACLKeyPair.h */; };
		970FF06B194F990300DA441F /* NACLKeyPair.m in Sources */ = {isa = PBXBuildFile; fileRef = 970FF069194F990300DA441F /* NACLKeyPair.m */; };
		9723BD8A194A1D8200CD021F /* NACLSymmetricPrivateKey.m in Sources */ = {isa = PBXBuildFile; fileRef = 9723BD89194A1D8200CD021F /* NACLSymmetricPrivateKey.m */; };
		9723BD90194A373B00CD021F /* NACLSymmetricPrivateKeyTests.m in Sources */ = {isa = PBXBuildFile; fileRef = 9723BD8F194A373B00CD021F /* NACLSymmetricPrivateKeyTests.m */; };
		9743AA911949034900404D80 /* NACLAsymmetricKeyPairTests.m in Sources */ = {isa = PBXBuildFile; fileRef = 9743AA901949034900404D80 /* NACLAsymmetricKeyPairTests.m */; };
		9743AA941949142700404D80 /* NACLNonce.m in Sources */ = {isa = PBXBuildFile; fileRef = 9743AA931949142700404D80 /* NACLNonce.m */; };
		9743AA9819491CD800404D80 /* NACLNonceTests.m in Sources */ = {isa = PBXBuildFile; fileRef = 9743AA9719491CD800404D80 /* NACLNonceTests.m */; };
		9759C6FF194A726A0047F5B0 /* NACLSigningKeyPair.m in Sources */ = {isa = PBXBuildFile; fileRef = 9759C6FE194A726A0047F5B0 /* NACLSigningKeyPair.m */; };
		9759C701194A73D70047F5B0 /* NACLSigningKeyPairTests.m in Sources */ = {isa = PBXBuildFile; fileRef = 9759C700194A73D70047F5B0 /* NACLSigningKeyPairTests.m */; };
		9759C704194AAD600047F5B0 /* NACLAsymmetricKeyPair.m in Sources */ = {isa = PBXBuildFile; fileRef = 9759C703194AAD600047F5B0 /* NACLAsymmetricKeyPair.m */; };
		97601047194A3E8100363BCC /* NSData+NACL.m in Sources */ = {isa = PBXBuildFile; fileRef = 97601046194A3E8100363BCC /* NSData+NACL.m */; };
		97601049194A408400363BCC /* NSDataNACLTests.m in Sources */ = {isa = PBXBuildFile; fileRef = 97601048194A408400363BCC /* NSDataNACLTests.m */; };
		9760104C194A4AEC00363BCC /* NSString+NACL.m in Sources */ = {isa = PBXBuildFile; fileRef = 9760104B194A4AEC00363BCC /* NSString+NACL.m */; };
		9760104E194A4CBF00363BCC /* NSStringNACLTests.m in Sources */ = {isa = PBXBuildFile; fileRef = 9760104D194A4CBF00363BCC /* NSStringNACLTests.m */; };
		A7BF29CE1947630800BB35C5 /* Foundation.framework in Frameworks */ = {isa = PBXBuildFile; fileRef = A7BF29CD1947630800BB35C5 /* Foundation.framework */; };
		A7BF29DC1947630800BB35C5 /* XCTest.framework in Frameworks */ = {isa = PBXBuildFile; fileRef = A7BF29DB1947630800BB35C5 /* XCTest.framework */; };
		A7BF29DD1947630800BB35C5 /* Foundation.framework in Frameworks */ = {isa = PBXBuildFile; fileRef = A7BF29CD1947630800BB35C5 /* Foundation.framework */; };
		A7BF29E21947630800BB35C5 /* liblibsodium-objc.a in Frameworks */ = {isa = PBXBuildFile; fileRef = A7BF29CA1947630800BB35C5 /* liblibsodium-objc.a */; };
		A7BF2A07194770E300BB35C5 /* NACL.m in Sources */ = {isa = PBXBuildFile; fileRef = A7BF2A06194770E300BB35C5 /* NACL.m */; };
/* End PBXBuildFile section */

/* Begin PBXContainerItemProxy section */
		A7BF29E01947630800BB35C5 /* PBXContainerItemProxy */ = {
			isa = PBXContainerItemProxy;
			containerPortal = A7BF29C21947630800BB35C5 /* Project object */;
			proxyType = 1;
			remoteGlobalIDString = A7BF29C91947630800BB35C5;
			remoteInfo = "libsodium-objc";
		};
/* End PBXContainerItemProxy section */

/* Begin PBXCopyFilesBuildPhase section */
		A7BF29C81947630800BB35C5 /* CopyFiles */ = {
			isa = PBXCopyFilesBuildPhase;
			buildActionMask = 2147483647;
			dstPath = "include/$(PRODUCT_NAME)";
			dstSubfolderSpec = 16;
			files = (
				970FF059194BFFB000DA441F /* NACLAsymmetricPrivateKey.h in CopyFiles */,
				970FF05A194BFFB000DA441F /* NACLAsymmetricPublicKey.h in CopyFiles */,
				970FF05B194BFFB000DA441F /* NACLAsymmetricKeyPair.h in CopyFiles */,
				970FF05C194BFFB000DA441F /* NACLSymmetricPrivateKey.h in CopyFiles */,
				970FF05D194BFFB000DA441F /* NACLSigningKeyPair.h in CopyFiles */,
				970FF05E194BFFB000DA441F /* NACLSigningPublicKey.h in CopyFiles */,
				970FF05F194BFFB000DA441F /* NACLSigningPrivateKey.h in CopyFiles */,
				970FF060194BFFB000DA441F /* NACL.h in CopyFiles */,
				970FF061194BFFB000DA441F /* NACLNonce.h in CopyFiles */,
				970FF062194BFFB000DA441F /* NSData+NACL.h in CopyFiles */,
				970FF06A194F990300DA441F /* NACLKeyPair.h in CopyFiles */,
				970FF063194BFFB000DA441F /* NSString+NACL.h in CopyFiles */,
			);
			runOnlyForDeploymentPostprocessing = 0;
		};
/* End PBXCopyFilesBuildPhase section */

/* Begin PBXFileReference section */
		970FF042194B987700DA441F /* NACLKey.h */ = {isa = PBXFileReference; fileEncoding = 4; lastKnownFileType = sourcecode.c.h; path = NACLKey.h; sourceTree = "<group>"; };
		970FF043194B987700DA441F /* NACLKey.m */ = {isa = PBXFileReference; fileEncoding = 4; lastKnownFileType = sourcecode.c.objc; path = NACLKey.m; sourceTree = "<group>"; };
		970FF046194B9F9C00DA441F /* NACLAsymmetricPublicKey.h */ = {isa = PBXFileReference; fileEncoding = 4; lastKnownFileType = sourcecode.c.h; path = NACLAsymmetricPublicKey.h; sourceTree = "<group>"; };
		970FF047194B9F9C00DA441F /* NACLAsymmetricPublicKey.m */ = {isa = PBXFileReference; fileEncoding = 4; lastKnownFileType = sourcecode.c.objc; path = NACLAsymmetricPublicKey.m; sourceTree = "<group>"; };
		970FF049194BA00700DA441F /* NACLAsymmetricPrivateKey.h */ = {isa = PBXFileReference; fileEncoding = 4; lastKnownFileType = sourcecode.c.h; path = NACLAsymmetricPrivateKey.h; sourceTree = "<group>"; };
		970FF04A194BA00700DA441F /* NACLAsymmetricPrivateKey.m */ = {isa = PBXFileReference; fileEncoding = 4; lastKnownFileType = sourcecode.c.objc; path = NACLAsymmetricPrivateKey.m; sourceTree = "<group>"; };
		970FF04F194BB14B00DA441F /* NACLSigningPublicKey.h */ = {isa = PBXFileReference; fileEncoding = 4; lastKnownFileType = sourcecode.c.h; path = NACLSigningPublicKey.h; sourceTree = "<group>"; };
		970FF050194BB14B00DA441F /* NACLSigningPublicKey.m */ = {isa = PBXFileReference; fileEncoding = 4; lastKnownFileType = sourcecode.c.objc; path = NACLSigningPublicKey.m; sourceTree = "<group>"; };
		970FF052194BB15C00DA441F /* NACLSigningPrivateKey.h */ = {isa = PBXFileReference; fileEncoding = 4; lastKnownFileType = sourcecode.c.h; path = NACLSigningPrivateKey.h; sourceTree = "<group>"; };
		970FF053194BB15C00DA441F /* NACLSigningPrivateKey.m */ = {isa = PBXFileReference; fileEncoding = 4; lastKnownFileType = sourcecode.c.objc; path = NACLSigningPrivateKey.m; sourceTree = "<group>"; };
		970FF057194BFD5200DA441F /* libsodium.a */ = {isa = PBXFileReference; lastKnownFileType = archive.ar; name = libsodium.a; path = lib/libsodium/libsodium.a; sourceTree = "<group>"; };
		970FF064194C002100DA441F /* NACLAsymmetricPrivateKeyTests.m */ = {isa = PBXFileReference; fileEncoding = 4; lastKnownFileType = sourcecode.c.objc; path = NACLAsymmetricPrivateKeyTests.m; sourceTree = "<group>"; };
		970FF066194C046300DA441F /* NACLAsymmetricPublicKeyTests.m */ = {isa = PBXFileReference; fileEncoding = 4; lastKnownFileType = sourcecode.c.objc; path = NACLAsymmetricPublicKeyTests.m; sourceTree = "<group>"; };
		970FF068194F990300DA441F /* NACLKeyPair.h */ = {isa = PBXFileReference; fileEncoding = 4; indentWidth = 4; lastKnownFileType = sourcecode.c.h; path = NACLKeyPair.h; sourceTree = "<group>"; tabWidth = 4; usesTabs = 0; wrapsLines = 1; };
		970FF069194F990300DA441F /* NACLKeyPair.m */ = {isa = PBXFileReference; fileEncoding = 4; indentWidth = 4; lastKnownFileType = sourcecode.c.objc; path = NACLKeyPair.m; sourceTree = "<group>"; tabWidth = 4; usesTabs = 0; wrapsLines = 1; };
		970FF06C194F99DF00DA441F /* NACLKeyPairSubclass.h */ = {isa = PBXFileReference; fileEncoding = 4; lastKnownFileType = sourcecode.c.h; path = NACLKeyPairSubclass.h; sourceTree = "<group>"; };
		9723BD88194A1D8200CD021F /* NACLSymmetricPrivateKey.h */ = {isa = PBXFileReference; fileEncoding = 4; lastKnownFileType = sourcecode.c.h; path = NACLSymmetricPrivateKey.h; sourceTree = "<group>"; };
		9723BD89194A1D8200CD021F /* NACLSymmetricPrivateKey.m */ = {isa = PBXFileReference; fileEncoding = 4; lastKnownFileType = sourcecode.c.objc; path = NACLSymmetricPrivateKey.m; sourceTree = "<group>"; };
		9723BD8F194A373B00CD021F /* NACLSymmetricPrivateKeyTests.m */ = {isa = PBXFileReference; fileEncoding = 4; lastKnownFileType = sourcecode.c.objc; path = NACLSymmetricPrivateKeyTests.m; sourceTree = "<group>"; };
		9743AA901949034900404D80 /* NACLAsymmetricKeyPairTests.m */ = {isa = PBXFileReference; fileEncoding = 4; lastKnownFileType = sourcecode.c.objc; path = NACLAsymmetricKeyPairTests.m; sourceTree = "<group>"; };
		9743AA921949142700404D80 /* NACLNonce.h */ = {isa = PBXFileReference; fileEncoding = 4; lastKnownFileType = sourcecode.c.h; path = NACLNonce.h; sourceTree = "<group>"; };
		9743AA931949142700404D80 /* NACLNonce.m */ = {isa = PBXFileReference; fileEncoding = 4; lastKnownFileType = sourcecode.c.objc; path = NACLNonce.m; sourceTree = "<group>"; };
		9743AA9719491CD800404D80 /* NACLNonceTests.m */ = {isa = PBXFileReference; fileEncoding = 4; lastKnownFileType = sourcecode.c.objc; path = NACLNonceTests.m; sourceTree = "<group>"; };
		9759C6FD194A726A0047F5B0 /* NACLSigningKeyPair.h */ = {isa = PBXFileReference; fileEncoding = 4; lastKnownFileType = sourcecode.c.h; path = NACLSigningKeyPair.h; sourceTree = "<group>"; };
		9759C6FE194A726A0047F5B0 /* NACLSigningKeyPair.m */ = {isa = PBXFileReference; fileEncoding = 4; lastKnownFileType = sourcecode.c.objc; path = NACLSigningKeyPair.m; sourceTree = "<group>"; };
		9759C700194A73D70047F5B0 /* NACLSigningKeyPairTests.m */ = {isa = PBXFileReference; fileEncoding = 4; lastKnownFileType = sourcecode.c.objc; path = NACLSigningKeyPairTests.m; sourceTree = "<group>"; };
		9759C702194AAD600047F5B0 /* NACLAsymmetricKeyPair.h */ = {isa = PBXFileReference; fileEncoding = 4; lastKnownFileType = sourcecode.c.h; path = NACLAsymmetricKeyPair.h; sourceTree = "<group>"; };
		9759C703194AAD600047F5B0 /* NACLAsymmetricKeyPair.m */ = {isa = PBXFileReference; fileEncoding = 4; lastKnownFileType = sourcecode.c.objc; path = NACLAsymmetricKeyPair.m; sourceTree = "<group>"; };
		97601045194A3E8100363BCC /* NSData+NACL.h */ = {isa = PBXFileReference; fileEncoding = 4; lastKnownFileType = sourcecode.c.h; path = "NSData+NACL.h"; sourceTree = "<group>"; };
		97601046194A3E8100363BCC /* NSData+NACL.m */ = {isa = PBXFileReference; fileEncoding = 4; lastKnownFileType = sourcecode.c.objc; path = "NSData+NACL.m"; sourceTree = "<group>"; };
		97601048194A408400363BCC /* NSDataNACLTests.m */ = {isa = PBXFileReference; fileEncoding = 4; lastKnownFileType = sourcecode.c.objc; path = NSDataNACLTests.m; sourceTree = "<group>"; };
		9760104A194A4AEC00363BCC /* NSString+NACL.h */ = {isa = PBXFileReference; fileEncoding = 4; lastKnownFileType = sourcecode.c.h; path = "NSString+NACL.h"; sourceTree = "<group>"; };
		9760104B194A4AEC00363BCC /* NSString+NACL.m */ = {isa = PBXFileReference; fileEncoding = 4; lastKnownFileType = sourcecode.c.objc; path = "NSString+NACL.m"; sourceTree = "<group>"; };
		9760104D194A4CBF00363BCC /* NSStringNACLTests.m */ = {isa = PBXFileReference; fileEncoding = 4; lastKnownFileType = sourcecode.c.objc; path = NSStringNACLTests.m; sourceTree = "<group>"; };
		A7BF29CA1947630800BB35C5 /* liblibsodium-objc.a */ = {isa = PBXFileReference; explicitFileType = archive.ar; includeInIndex = 0; path = "liblibsodium-objc.a"; sourceTree = BUILT_PRODUCTS_DIR; };
		A7BF29CD1947630800BB35C5 /* Foundation.framework */ = {isa = PBXFileReference; lastKnownFileType = wrapper.framework; name = Foundation.framework; path = System/Library/Frameworks/Foundation.framework; sourceTree = SDKROOT; };
		A7BF29DA1947630800BB35C5 /* libsodium-objcTests.xctest */ = {isa = PBXFileReference; explicitFileType = wrapper.cfbundle; includeInIndex = 0; path = "libsodium-objcTests.xctest"; sourceTree = BUILT_PRODUCTS_DIR; };
		A7BF29DB1947630800BB35C5 /* XCTest.framework */ = {isa = PBXFileReference; lastKnownFileType = wrapper.framework; name = XCTest.framework; path = Library/Frameworks/XCTest.framework; sourceTree = DEVELOPER_DIR; };
		A7BF2A05194770E300BB35C5 /* NACL.h */ = {isa = PBXFileReference; fileEncoding = 4; lastKnownFileType = sourcecode.c.h; path = NACL.h; sourceTree = "<group>"; };
		A7BF2A06194770E300BB35C5 /* NACL.m */ = {isa = PBXFileReference; fileEncoding = 4; lastKnownFileType = sourcecode.c.objc; path = NACL.m; sourceTree = "<group>"; };
/* End PBXFileReference section */

/* Begin PBXFrameworksBuildPhase section */
		A7BF29C71947630800BB35C5 /* Frameworks */ = {
			isa = PBXFrameworksBuildPhase;
			buildActionMask = 2147483647;
			files = (
				970FF058194BFD5200DA441F /* libsodium.a in Frameworks */,
				A7BF29CE1947630800BB35C5 /* Foundation.framework in Frameworks */,
			);
			runOnlyForDeploymentPostprocessing = 0;
		};
		A7BF29D71947630800BB35C5 /* Frameworks */ = {
			isa = PBXFrameworksBuildPhase;
			buildActionMask = 2147483647;
			files = (
				A7BF29E21947630800BB35C5 /* liblibsodium-objc.a in Frameworks */,
				A7BF29DC1947630800BB35C5 /* XCTest.framework in Frameworks */,
				A7BF29DD1947630800BB35C5 /* Foundation.framework in Frameworks */,
			);
			runOnlyForDeploymentPostprocessing = 0;
		};
/* End PBXFrameworksBuildPhase section */

/* Begin PBXGroup section */
		970FF04C194BB0BB00DA441F /* Public-Key Cryptography */ = {
			isa = PBXGroup;
			children = (
				970FF049194BA00700DA441F /* NACLAsymmetricPrivateKey.h */,
				970FF04A194BA00700DA441F /* NACLAsymmetricPrivateKey.m */,
				970FF046194B9F9C00DA441F /* NACLAsymmetricPublicKey.h */,
				970FF047194B9F9C00DA441F /* NACLAsymmetricPublicKey.m */,
				9759C702194AAD600047F5B0 /* NACLAsymmetricKeyPair.h */,
				9759C703194AAD600047F5B0 /* NACLAsymmetricKeyPair.m */,
			);
			name = "Public-Key Cryptography";
			sourceTree = "<group>";
		};
		970FF04D194BB0CB00DA441F /* Private-Key Cryptography */ = {
			isa = PBXGroup;
			children = (
				9723BD88194A1D8200CD021F /* NACLSymmetricPrivateKey.h */,
				9723BD89194A1D8200CD021F /* NACLSymmetricPrivateKey.m */,
			);
			name = "Private-Key Cryptography";
			sourceTree = "<group>";
		};
		970FF04E194BB0E300DA441F /* Signatures */ = {
			isa = PBXGroup;
			children = (
				9759C6FD194A726A0047F5B0 /* NACLSigningKeyPair.h */,
				9759C6FE194A726A0047F5B0 /* NACLSigningKeyPair.m */,
				970FF052194BB15C00DA441F /* NACLSigningPrivateKey.h */,
				970FF053194BB15C00DA441F /* NACLSigningPrivateKey.m */,
				970FF04F194BB14B00DA441F /* NACLSigningPublicKey.h */,
				970FF050194BB14B00DA441F /* NACLSigningPublicKey.m */,
			);
			name = Signatures;
			sourceTree = "<group>";
		};
		9759C705194AB0F00047F5B0 /* public */ = {
			isa = PBXGroup;
			children = (
				970FF04C194BB0BB00DA441F /* Public-Key Cryptography */,
				970FF04D194BB0CB00DA441F /* Private-Key Cryptography */,
				970FF04E194BB0E300DA441F /* Signatures */,
				A7BF2A05194770E300BB35C5 /* NACL.h */,
				A7BF2A06194770E300BB35C5 /* NACL.m */,
				9743AA921949142700404D80 /* NACLNonce.h */,
				9743AA931949142700404D80 /* NACLNonce.m */,
				97601045194A3E8100363BCC /* NSData+NACL.h */,
				97601046194A3E8100363BCC /* NSData+NACL.m */,
				9760104A194A4AEC00363BCC /* NSString+NACL.h */,
				9760104B194A4AEC00363BCC /* NSString+NACL.m */,
			);
			name = public;
			sourceTree = "<group>";
		};
		9759C706194AB0FB0047F5B0 /* private */ = {
			isa = PBXGroup;
			children = (
				970FF042194B987700DA441F /* NACLKey.h */,
				970FF043194B987700DA441F /* NACLKey.m */,
				970FF068194F990300DA441F /* NACLKeyPair.h */,
				970FF069194F990300DA441F /* NACLKeyPair.m */,
				970FF06C194F99DF00DA441F /* NACLKeyPairSubclass.h */,
			);
			name = private;
			sourceTree = "<group>";
		};
		A7BF29C11947630800BB35C5 = {
			isa = PBXGroup;
			children = (
				A7BF29CF1947630800BB35C5 /* libsodium-objc */,
				A7BF29E31947630800BB35C5 /* libsodium-objcTests */,
				A7BF29CC1947630800BB35C5 /* Frameworks */,
				A7BF29CB1947630800BB35C5 /* Products */,
			);
			sourceTree = "<group>";
		};
		A7BF29CB1947630800BB35C5 /* Products */ = {
			isa = PBXGroup;
			children = (
				A7BF29CA1947630800BB35C5 /* liblibsodium-objc.a */,
				A7BF29DA1947630800BB35C5 /* libsodium-objcTests.xctest */,
			);
			name = Products;
			sourceTree = "<group>";
		};
		A7BF29CC1947630800BB35C5 /* Frameworks */ = {
			isa = PBXGroup;
			children = (
				970FF057194BFD5200DA441F /* libsodium.a */,
				A7BF29CD1947630800BB35C5 /* Foundation.framework */,
				A7BF29DB1947630800BB35C5 /* XCTest.framework */,
			);
			name = Frameworks;
			sourceTree = "<group>";
		};
		A7BF29CF1947630800BB35C5 /* libsodium-objc */ = {
			isa = PBXGroup;
			children = (
				9759C706194AB0FB0047F5B0 /* private */,
				9759C705194AB0F00047F5B0 /* public */,
			);
			path = "libsodium-objc";
			sourceTree = "<group>";
		};
		A7BF29E31947630800BB35C5 /* libsodium-objcTests */ = {
			isa = PBXGroup;
			children = (
				9743AA901949034900404D80 /* NACLAsymmetricKeyPairTests.m */,
				970FF064194C002100DA441F /* NACLAsymmetricPrivateKeyTests.m */,
				970FF066194C046300DA441F /* NACLAsymmetricPublicKeyTests.m */,
				9743AA9719491CD800404D80 /* NACLNonceTests.m */,
				9759C700194A73D70047F5B0 /* NACLSigningKeyPairTests.m */,
				9723BD8F194A373B00CD021F /* NACLSymmetricPrivateKeyTests.m */,
				97601048194A408400363BCC /* NSDataNACLTests.m */,
				9760104D194A4CBF00363BCC /* NSStringNACLTests.m */,
			);
			path = "libsodium-objcTests";
			sourceTree = "<group>";
		};
/* End PBXGroup section */

/* Begin PBXNativeTarget section */
		A7BF29C91947630800BB35C5 /* libsodium-objc */ = {
			isa = PBXNativeTarget;
			buildConfigurationList = A7BF29ED1947630800BB35C5 /* Build configuration list for PBXNativeTarget "libsodium-objc" */;
			buildPhases = (
				A7BF29C61947630800BB35C5 /* Sources */,
				A7BF29C71947630800BB35C5 /* Frameworks */,
				A7BF29C81947630800BB35C5 /* CopyFiles */,
			);
			buildRules = (
			);
			dependencies = (
			);
			name = "libsodium-objc";
			productName = "libsodium-objc";
			productReference = A7BF29CA1947630800BB35C5 /* liblibsodium-objc.a */;
			productType = "com.apple.product-type.library.static";
		};
		A7BF29D91947630800BB35C5 /* libsodium-objcTests */ = {
			isa = PBXNativeTarget;
			buildConfigurationList = A7BF29F01947630800BB35C5 /* Build configuration list for PBXNativeTarget "libsodium-objcTests" */;
			buildPhases = (
				A7BF29D61947630800BB35C5 /* Sources */,
				A7BF29D71947630800BB35C5 /* Frameworks */,
				A7BF29D81947630800BB35C5 /* Resources */,
			);
			buildRules = (
			);
			dependencies = (
				A7BF29E11947630800BB35C5 /* PBXTargetDependency */,
			);
			name = "libsodium-objcTests";
			productName = "libsodium-objcTests";
			productReference = A7BF29DA1947630800BB35C5 /* libsodium-objcTests.xctest */;
			productType = "com.apple.product-type.bundle.unit-test";
		};
/* End PBXNativeTarget section */

/* Begin PBXProject section */
		A7BF29C21947630800BB35C5 /* Project object */ = {
			isa = PBXProject;
			attributes = {
				LastUpgradeCheck = 0510;
				ORGANIZATIONNAME = TabbedOut;
			};
			buildConfigurationList = A7BF29C51947630800BB35C5 /* Build configuration list for PBXProject "libsodium-objc" */;
			compatibilityVersion = "Xcode 3.2";
			developmentRegion = English;
			hasScannedForEncodings = 0;
			knownRegions = (
				en,
			);
			mainGroup = A7BF29C11947630800BB35C5;
			productRefGroup = A7BF29CB1947630800BB35C5 /* Products */;
			projectDirPath = "";
			projectRoot = "";
			targets = (
				A7BF29C91947630800BB35C5 /* libsodium-objc */,
				A7BF29D91947630800BB35C5 /* libsodium-objcTests */,
			);
		};
/* End PBXProject section */

/* Begin PBXResourcesBuildPhase section */
		A7BF29D81947630800BB35C5 /* Resources */ = {
			isa = PBXResourcesBuildPhase;
			buildActionMask = 2147483647;
			files = (
			);
			runOnlyForDeploymentPostprocessing = 0;
		};
/* End PBXResourcesBuildPhase section */

/* Begin PBXSourcesBuildPhase section */
		A7BF29C61947630800BB35C5 /* Sources */ = {
			isa = PBXSourcesBuildPhase;
			buildActionMask = 2147483647;
			files = (
				9743AA941949142700404D80 /* NACLNonce.m in Sources */,
				9760104C194A4AEC00363BCC /* NSString+NACL.m in Sources */,
				970FF06B194F990300DA441F /* NACLKeyPair.m in Sources */,
				970FF051194BB14B00DA441F /* NACLSigningPublicKey.m in Sources */,
				970FF04B194BA00700DA441F /* NACLAsymmetricPrivateKey.m in Sources */,
				9759C704194AAD600047F5B0 /* NACLAsymmetricKeyPair.m in Sources */,
				970FF044194B987700DA441F /* NACLKey.m in Sources */,
				A7BF2A07194770E300BB35C5 /* NACL.m in Sources */,
				970FF048194B9F9C00DA441F /* NACLAsymmetricPublicKey.m in Sources */,
				9759C6FF194A726A0047F5B0 /* NACLSigningKeyPair.m in Sources */,
				97601047194A3E8100363BCC /* NSData+NACL.m in Sources */,
				970FF054194BB15C00DA441F /* NACLSigningPrivateKey.m in Sources */,
				9723BD8A194A1D8200CD021F /* NACLSymmetricPrivateKey.m in Sources */,
			);
			runOnlyForDeploymentPostprocessing = 0;
		};
		A7BF29D61947630800BB35C5 /* Sources */ = {
			isa = PBXSourcesBuildPhase;
			buildActionMask = 2147483647;
			files = (
				970FF067194C046300DA441F /* NACLAsymmetricPublicKeyTests.m in Sources */,
				9743AA911949034900404D80 /* NACLAsymmetricKeyPairTests.m in Sources */,
				9760104E194A4CBF00363BCC /* NSStringNACLTests.m in Sources */,
				97601049194A408400363BCC /* NSDataNACLTests.m in Sources */,
				9759C701194A73D70047F5B0 /* NACLSigningKeyPairTests.m in Sources */,
				9743AA9819491CD800404D80 /* NACLNonceTests.m in Sources */,
				9723BD90194A373B00CD021F /* NACLSymmetricPrivateKeyTests.m in Sources */,
				970FF065194C002100DA441F /* NACLAsymmetricPrivateKeyTests.m in Sources */,
			);
			runOnlyForDeploymentPostprocessing = 0;
		};
/* End PBXSourcesBuildPhase section */

/* Begin PBXTargetDependency section */
		A7BF29E11947630800BB35C5 /* PBXTargetDependency */ = {
			isa = PBXTargetDependency;
			target = A7BF29C91947630800BB35C5 /* libsodium-objc */;
			targetProxy = A7BF29E01947630800BB35C5 /* PBXContainerItemProxy */;
		};
/* End PBXTargetDependency section */

/* Begin XCBuildConfiguration section */
		A7BF29EB1947630800BB35C5 /* Debug */ = {
			isa = XCBuildConfiguration;
			buildSettings = {
				ALWAYS_SEARCH_USER_PATHS = YES;
				CLANG_CXX_LANGUAGE_STANDARD = "gnu++0x";
				CLANG_CXX_LIBRARY = "libc++";
				CLANG_ENABLE_MODULES = YES;
				CLANG_ENABLE_OBJC_ARC = YES;
				CLANG_WARN_BOOL_CONVERSION = YES;
				CLANG_WARN_CONSTANT_CONVERSION = YES;
				CLANG_WARN_DIRECT_OBJC_ISA_USAGE = YES_ERROR;
				CLANG_WARN_EMPTY_BODY = YES;
				CLANG_WARN_ENUM_CONVERSION = YES;
				CLANG_WARN_INT_CONVERSION = YES;
				CLANG_WARN_OBJC_ROOT_CLASS = YES_ERROR;
				CLANG_WARN__DUPLICATE_METHOD_MATCH = YES;
				COPY_PHASE_STRIP = NO;
				GCC_C_LANGUAGE_STANDARD = gnu99;
				GCC_DYNAMIC_NO_PIC = NO;
				GCC_OPTIMIZATION_LEVEL = 0;
				GCC_PREPROCESSOR_DEFINITIONS = (
					"DEBUG=1",
					"$(inherited)",
				);
				GCC_SYMBOLS_PRIVATE_EXTERN = NO;
				GCC_WARN_64_TO_32_BIT_CONVERSION = YES;
				GCC_WARN_ABOUT_RETURN_TYPE = YES_ERROR;
				GCC_WARN_UNDECLARED_SELECTOR = YES;
				GCC_WARN_UNINITIALIZED_AUTOS = YES_AGGRESSIVE;
				GCC_WARN_UNUSED_FUNCTION = YES;
				GCC_WARN_UNUSED_VARIABLE = YES;
				IPHONEOS_DEPLOYMENT_TARGET = 7.1;
				LIBRARY_SEARCH_PATHS = "$(PROJECT_DIR)";
				ONLY_ACTIVE_ARCH = YES;
				SDKROOT = iphoneos;
				USER_HEADER_SEARCH_PATHS = "$(SRCROOT)/lib/libsodium/include/";
			};
			name = Debug;
		};
		A7BF29EC1947630800BB35C5 /* Release */ = {
			isa = XCBuildConfiguration;
			buildSettings = {
				ALWAYS_SEARCH_USER_PATHS = YES;
				CLANG_CXX_LANGUAGE_STANDARD = "gnu++0x";
				CLANG_CXX_LIBRARY = "libc++";
				CLANG_ENABLE_MODULES = YES;
				CLANG_ENABLE_OBJC_ARC = YES;
				CLANG_WARN_BOOL_CONVERSION = YES;
				CLANG_WARN_CONSTANT_CONVERSION = YES;
				CLANG_WARN_DIRECT_OBJC_ISA_USAGE = YES_ERROR;
				CLANG_WARN_EMPTY_BODY = YES;
				CLANG_WARN_ENUM_CONVERSION = YES;
				CLANG_WARN_INT_CONVERSION = YES;
				CLANG_WARN_OBJC_ROOT_CLASS = YES_ERROR;
				CLANG_WARN__DUPLICATE_METHOD_MATCH = YES;
				COPY_PHASE_STRIP = YES;
				ENABLE_NS_ASSERTIONS = NO;
				GCC_C_LANGUAGE_STANDARD = gnu99;
				GCC_WARN_64_TO_32_BIT_CONVERSION = YES;
				GCC_WARN_ABOUT_RETURN_TYPE = YES_ERROR;
				GCC_WARN_UNDECLARED_SELECTOR = YES;
				GCC_WARN_UNINITIALIZED_AUTOS = YES_AGGRESSIVE;
				GCC_WARN_UNUSED_FUNCTION = YES;
				GCC_WARN_UNUSED_VARIABLE = YES;
				IPHONEOS_DEPLOYMENT_TARGET = 7.1;
				LIBRARY_SEARCH_PATHS = "$(PROJECT_DIR)";
				SDKROOT = iphoneos;
				USER_HEADER_SEARCH_PATHS = "$(SRCROOT)/lib/libsodium/include/";
				VALIDATE_PRODUCT = YES;
			};
			name = Release;
		};
		A7BF29EE1947630800BB35C5 /* Debug */ = {
			isa = XCBuildConfiguration;
			buildSettings = {
				ALWAYS_SEARCH_USER_PATHS = YES;
				DSTROOT = /tmp/libsodium_objc.dst;
				GCC_GENERATE_TEST_COVERAGE_FILES = NO;
				GCC_INSTRUMENT_PROGRAM_FLOW_ARCS = NO;
				GCC_PRECOMPILE_PREFIX_HEADER = YES;
				GCC_PREFIX_HEADER = "";
				LIBRARY_SEARCH_PATHS = (
					"$(inherited)",
					"$(PROJECT_DIR)/lib",
					"$(PROJECT_DIR)/lib/libsodium",
				);
				OTHER_LDFLAGS = "-ObjC";
				PRODUCT_NAME = "$(TARGET_NAME)";
				SKIP_INSTALL = YES;
				USER_HEADER_SEARCH_PATHS = "$(inherited)";
			};
			name = Debug;
		};
		A7BF29EF1947630800BB35C5 /* Release */ = {
			isa = XCBuildConfiguration;
			buildSettings = {
				ALWAYS_SEARCH_USER_PATHS = YES;
				DSTROOT = /tmp/libsodium_objc.dst;
				GCC_GENERATE_TEST_COVERAGE_FILES = NO;
				GCC_INSTRUMENT_PROGRAM_FLOW_ARCS = NO;
				GCC_PRECOMPILE_PREFIX_HEADER = YES;
				GCC_PREFIX_HEADER = "";
				LIBRARY_SEARCH_PATHS = (
					"$(inherited)",
					"$(PROJECT_DIR)/lib",
					"$(PROJECT_DIR)/lib/libsodium",
				);
				OTHER_LDFLAGS = "-ObjC";
				PRODUCT_NAME = "$(TARGET_NAME)";
				SKIP_INSTALL = YES;
				USER_HEADER_SEARCH_PATHS = "$(inherited)";
			};
			name = Release;
		};
		A7BF29F11947630800BB35C5 /* Debug */ = {
			isa = XCBuildConfiguration;
			buildSettings = {
				FRAMEWORK_SEARCH_PATHS = (
					"$(SDKROOT)/Developer/Library/Frameworks",
					"$(inherited)",
					"$(DEVELOPER_FRAMEWORKS_DIR)",
				);
				GCC_PRECOMPILE_PREFIX_HEADER = YES;
				GCC_PREPROCESSOR_DEFINITIONS = (
					"DEBUG=1",
					"$(inherited)",
				);
				INFOPLIST_FILE = "";
				LIBRARY_SEARCH_PATHS = "$(inherited)";
				OTHER_LDFLAGS = (
					"$(inherited)",
					"-framework",
					XCTest,
					"-all_load",
					"-ObjC",
				);
				PRODUCT_NAME = "$(TARGET_NAME)";
				USER_HEADER_SEARCH_PATHS = "$(inherited)";
				WRAPPER_EXTENSION = xctest;
			};
			name = Debug;
		};
		A7BF29F21947630800BB35C5 /* Release */ = {
			isa = XCBuildConfiguration;
			buildSettings = {
				FRAMEWORK_SEARCH_PATHS = (
					"$(SDKROOT)/Developer/Library/Frameworks",
					"$(inherited)",
					"$(DEVELOPER_FRAMEWORKS_DIR)",
				);
				GCC_PRECOMPILE_PREFIX_HEADER = YES;
				INFOPLIST_FILE = "";
				LIBRARY_SEARCH_PATHS = "$(inherited)";
				OTHER_LDFLAGS = (
					"$(inherited)",
					"-framework",
					XCTest,
					"-all_load",
					"-ObjC",
				);
				PRODUCT_NAME = "$(TARGET_NAME)";
				USER_HEADER_SEARCH_PATHS = "$(inherited)";
				WRAPPER_EXTENSION = xctest;
			};
			name = Release;
		};
/* End XCBuildConfiguration section */

/* Begin XCConfigurationList section */
		A7BF29C51947630800BB35C5 /* Build configuration list for PBXProject "libsodium-objc" */ = {
			isa = XCConfigurationList;
			buildConfigurations = (
				A7BF29EB1947630800BB35C5 /* Debug */,
				A7BF29EC1947630800BB35C5 /* Release */,
			);
			defaultConfigurationIsVisible = 0;
			defaultConfigurationName = Release;
		};
		A7BF29ED1947630800BB35C5 /* Build configuration list for PBXNativeTarget "libsodium-objc" */ = {
			isa = XCConfigurationList;
			buildConfigurations = (
				A7BF29EE1947630800BB35C5 /* Debug */,
				A7BF29EF1947630800BB35C5 /* Release */,
			);
			defaultConfigurationIsVisible = 0;
			defaultConfigurationName = Release;
		};
		A7BF29F01947630800BB35C5 /* Build configuration list for PBXNativeTarget "libsodium-objcTests" */ = {
			isa = XCConfigurationList;
			buildConfigurations = (
				A7BF29F11947630800BB35C5 /* Debug */,
				A7BF29F21947630800BB35C5 /* Release */,
			);
			defaultConfigurationIsVisible = 0;
			defaultConfigurationName = Release;
		};
/* End XCConfigurationList section */
	};
	rootObject = A7BF29C21947630800BB35C5 /* Project object */;
}
